{
  "name": "@ha-bits/bit-ai",
  "version": "1.0.0",
  "lockfileVersion": 3,
  "requires": true,
  "packages": {
    "": {
      "name": "@ha-bits/bit-ai",
      "version": "1.0.0",
      "license": "MIT",
      "dependencies": {
        "@ha-bits/cortex-core": ">=0.1.0"
      },
      "devDependencies": {
        "@types/node": "^20.19.37",
        "typescript": "^5.9.3"
      },
      "peerDependencies": {
        "@ha-bits/cortex-core": ">=0.1.0"
      }
    },
    "../../../../dist/packages/cortex/core": {
      "name": "@ha-bits/cortex-core",
      "version": "1.5.91",
      "license": "AGPL-3.0",
      "dependencies": {
        "croner": "^8.1.2",
        "form-data": "^4.0.5",
        "qs": "^6.14.0",
        "uuid": "^9.0.1",
        "winston": "^3.19.0",
        "yaml": "^2.3.4"
      },
      "devDependencies": {
        "@ha-bits/bindings": "workspace:*",
        "@ha-bits/core": "workspace:*",
        "@types/node": "^20.10.5",
        "@types/uuid": "^9.0.7",
        "esbuild": "^0.20.0",
        "typescript": "^5.3.3"
      }
    },
    "../../../../packages/core": {
      "name": "@ha-bits/core",
      "version": "1.0.0",
      "extraneous": true,
      "license": "AGPL-3.0"
    },
    "node_modules/@ha-bits/cortex-core": {
      "resolved": "../../../../dist/packages/cortex/core",
      "link": true
    },
    "node_modules/@types/node": {
      "version": "20.19.39",
      "dev": true,
      "license": "MIT",
      "dependencies": {
        "undici-types": "~6.21.0"
      }
    },
    "node_modules/typescript": {
      "version": "5.9.3",
      "dev": true,
      "license": "Apache-2.0",
      "bin": {
        "tsc": "bin/tsc",
        "tsserver": "bin/tsserver"
      },
      "engines": {
        "node": ">=14.17"
      }
    },
    "node_modules/undici-types": {
      "version": "6.21.0",
      "dev": true,
      "license": "MIT"
    }
  }
}
